// !$*UTF8*$!
{
	archiveVersion = 1;
	classes = {
	};
	objectVersion = 55;
	objects = {

/* Begin PBXBuildFile section */
		3C183A45278B26F200360983 /* TestSource.json in Resources */ = {isa = PBXBuildFile; fileRef = 3C183A44278B26F200360983 /* TestSource.json */; };
		3C3D921927873CED00D3E9EF /* PopVC.swift in Sources */ = {isa = PBXBuildFile; fileRef = 3C3D921827873CED00D3E9EF /* PopVC.swift */; };
		3C3D921B27892DE100D3E9EF /* CardView.swift in Sources */ = {isa = PBXBuildFile; fileRef = 3C3D921A27892DE100D3E9EF /* CardView.swift */; };
		3C3D921D27892DF300D3E9EF /* CardView.xib in Resources */ = {isa = PBXBuildFile; fileRef = 3C3D921C27892DF300D3E9EF /* CardView.xib */; };
		3C3D921F2789643700D3E9EF /* UIButtonExtension.swift in Sources */ = {isa = PBXBuildFile; fileRef = 3C3D921E2789643700D3E9EF /* UIButtonExtension.swift */; };
		3C3D922227897E9E00D3E9EF /* TestVC.swift in Sources */ = {isa = PBXBuildFile; fileRef = 3C3D922027897E9E00D3E9EF /* TestVC.swift */; };
		3C3D922327897E9E00D3E9EF /* TestVC.xib in Resources */ = {isa = PBXBuildFile; fileRef = 3C3D922127897E9E00D3E9EF /* TestVC.xib */; };
		3C537E23278F0ACB00C6EAD7 /* UILabelExtension.swift in Sources */ = {isa = PBXBuildFile; fileRef = 3C537E22278F0ACB00C6EAD7 /* UILabelExtension.swift */; };
		3C537E2527904FFB00C6EAD7 /* UIAlertExtension.swift in Sources */ = {isa = PBXBuildFile; fileRef = 3C537E2427904FFB00C6EAD7 /* UIAlertExtension.swift */; };
		3C537E27279052B900C6EAD7 /* DetailVCExtension.swift in Sources */ = {isa = PBXBuildFile; fileRef = 3C537E26279052B900C6EAD7 /* DetailVCExtension.swift */; };
		3C537E352790533900C6EAD7 /* Utilities.swift in Sources */ = {isa = PBXBuildFile; fileRef = 3C537E292790533900C6EAD7 /* Utilities.swift */; };
		3C537E362790533900C6EAD7 /* AnimatableImageView.swift in Sources */ = {isa = PBXBuildFile; fileRef = 3C537E2A2790533900C6EAD7 /* AnimatableImageView.swift */; };
		3C537E372790533900C6EAD7 /* ImageViewerController.xib in Resources */ = {isa = PBXBuildFile; fileRef = 3C537E2D2790533900C6EAD7 /* ImageViewerController.xib */; };
		3C537E382790533900C6EAD7 /* ImageViewerConfiguration.swift in Sources */ = {isa = PBXBuildFile; fileRef = 3C537E2E2790533900C6EAD7 /* ImageViewerConfiguration.swift */; };
		3C537E392790533900C6EAD7 /* ImageViewerTransitioningHandler.swift in Sources */ = {isa = PBXBuildFile; fileRef = 3C537E302790533900C6EAD7 /* ImageViewerTransitioningHandler.swift */; };
		3C537E3A2790533900C6EAD7 /* ImageViewerDismissalInteractor.swift in Sources */ = {isa = PBXBuildFile; fileRef = 3C537E312790533900C6EAD7 /* ImageViewerDismissalInteractor.swift */; };
		3C537E3B2790533900C6EAD7 /* ImageViewerPresentationTransition.swift in Sources */ = {isa = PBXBuildFile; fileRef = 3C537E322790533900C6EAD7 /* ImageViewerPresentationTransition.swift */; };
		3C537E3C2790533900C6EAD7 /* ImageViewerDismissalTransition.swift in Sources */ = {isa = PBXBuildFile; fileRef = 3C537E332790533900C6EAD7 /* ImageViewerDismissalTransition.swift */; };
		3C537E3D2790533900C6EAD7 /* ImageViewerController.swift in Sources */ = {isa = PBXBuildFile; fileRef = 3C537E342790533900C6EAD7 /* ImageViewerController.swift */; };
		3C6BFF982785CCBF001AF291 /* AppDelegate.swift in Sources */ = {isa = PBXBuildFile; fileRef = 3C6BFF972785CCBF001AF291 /* AppDelegate.swift */; };
		3C6BFF9C2785CCBF001AF291 /* ViewController.swift in Sources */ = {isa = PBXBuildFile; fileRef = 3C6BFF9B2785CCBF001AF291 /* ViewController.swift */; };
		3C6BFF9F2785CCBF001AF291 /* Main.storyboard in Resources */ = {isa = PBXBuildFile; fileRef = 3C6BFF9D2785CCBF001AF291 /* Main.storyboard */; };
		3C6BFFA12785CCBF001AF291 /* Assets.xcassets in Resources */ = {isa = PBXBuildFile; fileRef = 3C6BFFA02785CCBF001AF291 /* Assets.xcassets */; };
		3C6BFFA42785CCBF001AF291 /* LaunchScreen.storyboard in Resources */ = {isa = PBXBuildFile; fileRef = 3C6BFFA22785CCBF001AF291 /* LaunchScreen.storyboard */; };
		3C6BFFAC2785E60C001AF291 /* Constants.swift in Sources */ = {isa = PBXBuildFile; fileRef = 3C6BFFAB2785E60C001AF291 /* Constants.swift */; };
		3C6BFFAE2785E679001AF291 /* ShareData.swift in Sources */ = {isa = PBXBuildFile; fileRef = 3C6BFFAD2785E679001AF291 /* ShareData.swift */; };
		3C6BFFB02785E6BA001AF291 /* Utility.swift in Sources */ = {isa = PBXBuildFile; fileRef = 3C6BFFAF2785E6BA001AF291 /* Utility.swift */; };
		3C6BFFE92785E772001AF291 /* XibType.swift in Sources */ = {isa = PBXBuildFile; fileRef = 3C6BFFE82785E772001AF291 /* XibType.swift */; };
		3C6BFFF12785EB1A001AF291 /* RootTBVC.swift in Sources */ = {isa = PBXBuildFile; fileRef = 3C6BFFF02785EB1A001AF291 /* RootTBVC.swift */; };
		3C6BFFF32785EB64001AF291 /* BaseTableViewCell.swift in Sources */ = {isa = PBXBuildFile; fileRef = 3C6BFFF22785EB64001AF291 /* BaseTableViewCell.swift */; };
		3C6BFFF92785ECAB001AF291 /* TeamCell.swift in Sources */ = {isa = PBXBuildFile; fileRef = 3C6BFFF72785ECAB001AF291 /* TeamCell.swift */; };
		3C6BFFFA2785ECAB001AF291 /* TeamCell.xib in Resources */ = {isa = PBXBuildFile; fileRef = 3C6BFFF82785ECAB001AF291 /* TeamCell.xib */; };
		3C87F1222789ADF100B5437B /* MarkView.swift in Sources */ = {isa = PBXBuildFile; fileRef = 3C87F1212789ADF000B5437B /* MarkView.swift */; };
		3C87F1242789AE0100B5437B /* MarkView.xib in Resources */ = {isa = PBXBuildFile; fileRef = 3C87F1232789AE0100B5437B /* MarkView.xib */; };
		3C87F126278A5F3100B5437B /* TAKUMISFONT_L.ttf in Resources */ = {isa = PBXBuildFile; fileRef = 3C87F125278A5F3100B5437B /* TAKUMISFONT_L.ttf */; };
		3CB23B9D2798657A00FFD28F /* FormalSource.json in Resources */ = {isa = PBXBuildFile; fileRef = 3CB23B9C2798657A00FFD28F /* FormalSource.json */; };
		3CB23BA027999BF400FFD28F /* LogVC.swift in Sources */ = {isa = PBXBuildFile; fileRef = 3CB23B9E27999BF400FFD28F /* LogVC.swift */; };
		3CB23BA127999BF400FFD28F /* LogVC.xib in Resources */ = {isa = PBXBuildFile; fileRef = 3CB23B9F27999BF400FFD28F /* LogVC.xib */; };
		3CB23BA427999D7300FFD28F /* LogCell.swift in Sources */ = {isa = PBXBuildFile; fileRef = 3CB23BA227999D7300FFD28F /* LogCell.swift */; };
		3CB23BA527999D7300FFD28F /* LogCell.xib in Resources */ = {isa = PBXBuildFile; fileRef = 3CB23BA327999D7300FFD28F /* LogCell.xib */; };
		A90B6D3055277FD12A050765 /* Pods_RichMan.framework in Frameworks */ = {isa = PBXBuildFile; fileRef = F553D9F5B1B7AB44C32C3B3B /* Pods_RichMan.framework */; };
		EE228092278673BD003BBFDE /* UIColorExtension.swift in Sources */ = {isa = PBXBuildFile; fileRef = EE228091278673BD003BBFDE /* UIColorExtension.swift */; };
		EE228094278673CC003BBFDE /* UITableViewExtension.swift in Sources */ = {isa = PBXBuildFile; fileRef = EE228093278673CC003BBFDE /* UITableViewExtension.swift */; };
		EE228096278673D4003BBFDE /* UIViewExtension.swift in Sources */ = {isa = PBXBuildFile; fileRef = EE228095278673D4003BBFDE /* UIViewExtension.swift */; };
		EE82EEF52786991E00C2A655 /* RootTBModel.swift in Sources */ = {isa = PBXBuildFile; fileRef = EE82EEF42786991E00C2A655 /* RootTBModel.swift */; };
		EEEA61BC278E7CBE003397D3 /* 千图厚黑体.ttf in Resources */ = {isa = PBXBuildFile; fileRef = EEEA61BB278E7CBD003397D3 /* 千图厚黑体.ttf */; };
		EEEA61BE278E817D003397D3 /* ZiTiQuanXinYiGuanHeiTi4.0-2.ttf in Resources */ = {isa = PBXBuildFile; fileRef = EEEA61BD278E817C003397D3 /* ZiTiQuanXinYiGuanHeiTi4.0-2.ttf */; };
		EEEA61C0278E9569003397D3 /* EEJI-CHAO-BeiMingGBT-Flash.ttf in Resources */ = {isa = PBXBuildFile; fileRef = EEEA61BF278E9569003397D3 /* EEJI-CHAO-BeiMingGBT-Flash.ttf */; };
		EEF1EB112786E366009974D7 /* BaseView.swift in Sources */ = {isa = PBXBuildFile; fileRef = EEF1EB102786E366009974D7 /* BaseView.swift */; };
		EEF1EB132786E39E009974D7 /* RootHeader.swift in Sources */ = {isa = PBXBuildFile; fileRef = EEF1EB122786E39E009974D7 /* RootHeader.swift */; };
		EEF1EB152786E3AB009974D7 /* RootHeader.xib in Resources */ = {isa = PBXBuildFile; fileRef = EEF1EB142786E3AB009974D7 /* RootHeader.xib */; };
		EEF1EB172786E582009974D7 /* crayon_1-1.ttf in Resources */ = {isa = PBXBuildFile; fileRef = EEF1EB162786E582009974D7 /* crayon_1-1.ttf */; };
		EEF1EB1C2786F59D009974D7 /* DetailVC.swift in Sources */ = {isa = PBXBuildFile; fileRef = EEF1EB1A2786F59D009974D7 /* DetailVC.swift */; };
		EEF1EB1D2786F59D009974D7 /* DetailVC.xib in Resources */ = {isa = PBXBuildFile; fileRef = EEF1EB1B2786F59D009974D7 /* DetailVC.xib */; };
/* End PBXBuildFile section */

/* Begin PBXFileReference section */
		3C183A44278B26F200360983 /* TestSource.json */ = {isa = PBXFileReference; fileEncoding = 4; lastKnownFileType = text.json; path = TestSource.json; sourceTree = "<group>"; };
		3C3D921827873CED00D3E9EF /* PopVC.swift */ = {isa = PBXFileReference; lastKnownFileType = sourcecode.swift; path = PopVC.swift; sourceTree = "<group>"; };
		3C3D921A27892DE100D3E9EF /* CardView.swift */ = {isa = PBXFileReference; lastKnownFileType = sourcecode.swift; path = CardView.swift; sourceTree = "<group>"; };
		3C3D921C27892DF300D3E9EF /* CardView.xib */ = {isa = PBXFileReference; lastKnownFileType = file.xib; path = CardView.xib; sourceTree = "<group>"; };
		3C3D921E2789643700D3E9EF /* UIButtonExtension.swift */ = {isa = PBXFileReference; fileEncoding = 4; lastKnownFileType = sourcecode.swift; path = UIButtonExtension.swift; sourceTree = "<group>"; };
		3C3D922027897E9E00D3E9EF /* TestVC.swift */ = {isa = PBXFileReference; lastKnownFileType = sourcecode.swift; path = TestVC.swift; sourceTree = "<group>"; };
		3C3D922127897E9E00D3E9EF /* TestVC.xib */ = {isa = PBXFileReference; lastKnownFileType = file.xib; path = TestVC.xib; sourceTree = "<group>"; };
		3C537E22278F0ACB00C6EAD7 /* UILabelExtension.swift */ = {isa = PBXFileReference; lastKnownFileType = sourcecode.swift; path = UILabelExtension.swift; sourceTree = "<group>"; };
		3C537E2427904FFB00C6EAD7 /* UIAlertExtension.swift */ = {isa = PBXFileReference; fileEncoding = 4; lastKnownFileType = sourcecode.swift; path = UIAlertExtension.swift; sourceTree = "<group>"; };
		3C537E26279052B900C6EAD7 /* DetailVCExtension.swift */ = {isa = PBXFileReference; lastKnownFileType = sourcecode.swift; path = DetailVCExtension.swift; sourceTree = "<group>"; };
		3C537E292790533900C6EAD7 /* Utilities.swift */ = {isa = PBXFileReference; fileEncoding = 4; lastKnownFileType = sourcecode.swift; path = Utilities.swift; sourceTree = "<group>"; };
		3C537E2A2790533900C6EAD7 /* AnimatableImageView.swift */ = {isa = PBXFileReference; fileEncoding = 4; lastKnownFileType = sourcecode.swift; path = AnimatableImageView.swift; sourceTree = "<group>"; };
		3C537E2B2790533900C6EAD7 /* ImageViewer.h */ = {isa = PBXFileReference; fileEncoding = 4; lastKnownFileType = sourcecode.c.h; path = ImageViewer.h; sourceTree = "<group>"; };
		3C537E2D2790533900C6EAD7 /* ImageViewerController.xib */ = {isa = PBXFileReference; fileEncoding = 4; lastKnownFileType = file.xib; path = ImageViewerController.xib; sourceTree = "<group>"; };
		3C537E2E2790533900C6EAD7 /* ImageViewerConfiguration.swift */ = {isa = PBXFileReference; fileEncoding = 4; lastKnownFileType = sourcecode.swift; path = ImageViewerConfiguration.swift; sourceTree = "<group>"; };
		3C537E302790533900C6EAD7 /* ImageViewerTransitioningHandler.swift */ = {isa = PBXFileReference; fileEncoding = 4; lastKnownFileType = sourcecode.swift; path = ImageViewerTransitioningHandler.swift; sourceTree = "<group>"; };
		3C537E312790533900C6EAD7 /* ImageViewerDismissalInteractor.swift */ = {isa = PBXFileReference; fileEncoding = 4; lastKnownFileType = sourcecode.swift; path = ImageViewerDismissalInteractor.swift; sourceTree = "<group>"; };
		3C537E322790533900C6EAD7 /* ImageViewerPresentationTransition.swift */ = {isa = PBXFileReference; fileEncoding = 4; lastKnownFileType = sourcecode.swift; path = ImageViewerPresentationTransition.swift; sourceTree = "<group>"; };
		3C537E332790533900C6EAD7 /* ImageViewerDismissalTransition.swift */ = {isa = PBXFileReference; fileEncoding = 4; lastKnownFileType = sourcecode.swift; path = ImageViewerDismissalTransition.swift; sourceTree = "<group>"; };
		3C537E342790533900C6EAD7 /* ImageViewerController.swift */ = {isa = PBXFileReference; fileEncoding = 4; lastKnownFileType = sourcecode.swift; path = ImageViewerController.swift; sourceTree = "<group>"; };
		3C6BFF942785CCBF001AF291 /* RichMan.app */ = {isa = PBXFileReference; explicitFileType = wrapper.application; includeInIndex = 0; path = RichMan.app; sourceTree = BUILT_PRODUCTS_DIR; };
		3C6BFF972785CCBF001AF291 /* AppDelegate.swift */ = {isa = PBXFileReference; lastKnownFileType = sourcecode.swift; path = AppDelegate.swift; sourceTree = "<group>"; };
		3C6BFF9B2785CCBF001AF291 /* ViewController.swift */ = {isa = PBXFileReference; lastKnownFileType = sourcecode.swift; path = ViewController.swift; sourceTree = "<group>"; };
		3C6BFF9E2785CCBF001AF291 /* Base */ = {isa = PBXFileReference; lastKnownFileType = file.storyboard; name = Base; path = Base.lproj/Main.storyboard; sourceTree = "<group>"; };
		3C6BFFA02785CCBF001AF291 /* Assets.xcassets */ = {isa = PBXFileReference; lastKnownFileType = folder.assetcatalog; path = Assets.xcassets; sourceTree = "<group>"; };
		3C6BFFA32785CCBF001AF291 /* Base */ = {isa = PBXFileReference; lastKnownFileType = file.storyboard; name = Base; path = Base.lproj/LaunchScreen.storyboard; sourceTree = "<group>"; };
		3C6BFFA52785CCBF001AF291 /* Info.plist */ = {isa = PBXFileReference; lastKnownFileType = text.plist.xml; path = Info.plist; sourceTree = "<group>"; };
		3C6BFFAB2785E60C001AF291 /* Constants.swift */ = {isa = PBXFileReference; fileEncoding = 4; lastKnownFileType = sourcecode.swift; path = Constants.swift; sourceTree = "<group>"; };
		3C6BFFAD2785E679001AF291 /* ShareData.swift */ = {isa = PBXFileReference; fileEncoding = 4; lastKnownFileType = sourcecode.swift; path = ShareData.swift; sourceTree = "<group>"; };
		3C6BFFAF2785E6BA001AF291 /* Utility.swift */ = {isa = PBXFileReference; fileEncoding = 4; lastKnownFileType = sourcecode.swift; path = Utility.swift; sourceTree = "<group>"; };
		3C6BFFE82785E772001AF291 /* XibType.swift */ = {isa = PBXFileReference; fileEncoding = 4; lastKnownFileType = sourcecode.swift; path = XibType.swift; sourceTree = "<group>"; };
		3C6BFFF02785EB1A001AF291 /* RootTBVC.swift */ = {isa = PBXFileReference; lastKnownFileType = sourcecode.swift; path = RootTBVC.swift; sourceTree = "<group>"; };
		3C6BFFF22785EB64001AF291 /* BaseTableViewCell.swift */ = {isa = PBXFileReference; fileEncoding = 4; lastKnownFileType = sourcecode.swift; path = BaseTableViewCell.swift; sourceTree = "<group>"; };
		3C6BFFF72785ECAB001AF291 /* TeamCell.swift */ = {isa = PBXFileReference; lastKnownFileType = sourcecode.swift; path = TeamCell.swift; sourceTree = "<group>"; };
		3C6BFFF82785ECAB001AF291 /* TeamCell.xib */ = {isa = PBXFileReference; lastKnownFileType = file.xib; path = TeamCell.xib; sourceTree = "<group>"; };
		3C87F1212789ADF000B5437B /* MarkView.swift */ = {isa = PBXFileReference; lastKnownFileType = sourcecode.swift; path = MarkView.swift; sourceTree = "<group>"; };
		3C87F1232789AE0100B5437B /* MarkView.xib */ = {isa = PBXFileReference; lastKnownFileType = file.xib; path = MarkView.xib; sourceTree = "<group>"; };
		3C87F125278A5F3100B5437B /* TAKUMISFONT_L.ttf */ = {isa = PBXFileReference; lastKnownFileType = file; path = TAKUMISFONT_L.ttf; sourceTree = "<group>"; };
		3CB23B9C2798657A00FFD28F /* FormalSource.json */ = {isa = PBXFileReference; lastKnownFileType = text.json; path = FormalSource.json; sourceTree = "<group>"; };
		3CB23B9E27999BF400FFD28F /* LogVC.swift */ = {isa = PBXFileReference; lastKnownFileType = sourcecode.swift; path = LogVC.swift; sourceTree = "<group>"; };
		3CB23B9F27999BF400FFD28F /* LogVC.xib */ = {isa = PBXFileReference; lastKnownFileType = file.xib; path = LogVC.xib; sourceTree = "<group>"; };
		3CB23BA227999D7300FFD28F /* LogCell.swift */ = {isa = PBXFileReference; lastKnownFileType = sourcecode.swift; path = LogCell.swift; sourceTree = "<group>"; };
		3CB23BA327999D7300FFD28F /* LogCell.xib */ = {isa = PBXFileReference; lastKnownFileType = file.xib; path = LogCell.xib; sourceTree = "<group>"; };
		5FBB01BF50963199981DCC31 /* Pods-RichMan.release.xcconfig */ = {isa = PBXFileReference; includeInIndex = 1; lastKnownFileType = text.xcconfig; name = "Pods-RichMan.release.xcconfig"; path = "Target Support Files/Pods-RichMan/Pods-RichMan.release.xcconfig"; sourceTree = "<group>"; };
		E8FD8CFC7E7021CDB487B89C /* Pods-RichMan.debug.xcconfig */ = {isa = PBXFileReference; includeInIndex = 1; lastKnownFileType = text.xcconfig; name = "Pods-RichMan.debug.xcconfig"; path = "Target Support Files/Pods-RichMan/Pods-RichMan.debug.xcconfig"; sourceTree = "<group>"; };
		EE228091278673BD003BBFDE /* UIColorExtension.swift */ = {isa = PBXFileReference; fileEncoding = 4; lastKnownFileType = sourcecode.swift; path = UIColorExtension.swift; sourceTree = "<group>"; };
		EE228093278673CC003BBFDE /* UITableViewExtension.swift */ = {isa = PBXFileReference; fileEncoding = 4; lastKnownFileType = sourcecode.swift; path = UITableViewExtension.swift; sourceTree = "<group>"; };
		EE228095278673D4003BBFDE /* UIViewExtension.swift */ = {isa = PBXFileReference; fileEncoding = 4; lastKnownFileType = sourcecode.swift; path = UIViewExtension.swift; sourceTree = "<group>"; };
		EE82EEF42786991E00C2A655 /* RootTBModel.swift */ = {isa = PBXFileReference; lastKnownFileType = sourcecode.swift; path = RootTBModel.swift; sourceTree = "<group>"; };
		EEEA61BB278E7CBD003397D3 /* 千图厚黑体.ttf */ = {isa = PBXFileReference; lastKnownFileType = file; path = "千图厚黑体.ttf"; sourceTree = "<group>"; };
		EEEA61BD278E817C003397D3 /* ZiTiQuanXinYiGuanHeiTi4.0-2.ttf */ = {isa = PBXFileReference; lastKnownFileType = file; path = "ZiTiQuanXinYiGuanHeiTi4.0-2.ttf"; sourceTree = "<group>"; };
		EEEA61BF278E9569003397D3 /* EEJI-CHAO-BeiMingGBT-Flash.ttf */ = {isa = PBXFileReference; lastKnownFileType = file; path = "EEJI-CHAO-BeiMingGBT-Flash.ttf"; sourceTree = "<group>"; };
		EEF1EB102786E366009974D7 /* BaseView.swift */ = {isa = PBXFileReference; fileEncoding = 4; lastKnownFileType = sourcecode.swift; path = BaseView.swift; sourceTree = "<group>"; };
		EEF1EB122786E39E009974D7 /* RootHeader.swift */ = {isa = PBXFileReference; lastKnownFileType = sourcecode.swift; path = RootHeader.swift; sourceTree = "<group>"; };
		EEF1EB142786E3AB009974D7 /* RootHeader.xib */ = {isa = PBXFileReference; lastKnownFileType = file.xib; path = RootHeader.xib; sourceTree = "<group>"; };
		EEF1EB162786E582009974D7 /* crayon_1-1.ttf */ = {isa = PBXFileReference; lastKnownFileType = file; path = "crayon_1-1.ttf"; sourceTree = "<group>"; };
		EEF1EB1A2786F59D009974D7 /* DetailVC.swift */ = {isa = PBXFileReference; lastKnownFileType = sourcecode.swift; path = DetailVC.swift; sourceTree = "<group>"; };
		EEF1EB1B2786F59D009974D7 /* DetailVC.xib */ = {isa = PBXFileReference; lastKnownFileType = file.xib; path = DetailVC.xib; sourceTree = "<group>"; };
		F553D9F5B1B7AB44C32C3B3B /* Pods_RichMan.framework */ = {isa = PBXFileReference; explicitFileType = wrapper.framework; includeInIndex = 0; path = Pods_RichMan.framework; sourceTree = BUILT_PRODUCTS_DIR; };
/* End PBXFileReference section */

/* Begin PBXFrameworksBuildPhase section */
		3C6BFF912785CCBF001AF291 /* Frameworks */ = {
			isa = PBXFrameworksBuildPhase;
			buildActionMask = 2147483647;
			files = (
				A90B6D3055277FD12A050765 /* Pods_RichMan.framework in Frameworks */,
			);
			runOnlyForDeploymentPostprocessing = 0;
		};
/* End PBXFrameworksBuildPhase section */

/* Begin PBXGroup section */
		3C537E282790533900C6EAD7 /* ImageViewer */ = {
			isa = PBXGroup;
			children = (
				3C537E292790533900C6EAD7 /* Utilities.swift */,
				3C537E2A2790533900C6EAD7 /* AnimatableImageView.swift */,
				3C537E2B2790533900C6EAD7 /* ImageViewer.h */,
				3C537E2C2790533900C6EAD7 /* Resources */,
				3C537E2E2790533900C6EAD7 /* ImageViewerConfiguration.swift */,
				3C537E2F2790533900C6EAD7 /* Transitions */,
				3C537E342790533900C6EAD7 /* ImageViewerController.swift */,
			);
			path = ImageViewer;
			sourceTree = "<group>";
		};
		3C537E2C2790533900C6EAD7 /* Resources */ = {
			isa = PBXGroup;
			children = (
				3C537E2D2790533900C6EAD7 /* ImageViewerController.xib */,
			);
			path = Resources;
			sourceTree = "<group>";
		};
		3C537E2F2790533900C6EAD7 /* Transitions */ = {
			isa = PBXGroup;
			children = (
				3C537E302790533900C6EAD7 /* ImageViewerTransitioningHandler.swift */,
				3C537E312790533900C6EAD7 /* ImageViewerDismissalInteractor.swift */,
				3C537E322790533900C6EAD7 /* ImageViewerPresentationTransition.swift */,
				3C537E332790533900C6EAD7 /* ImageViewerDismissalTransition.swift */,
			);
			path = Transitions;
			sourceTree = "<group>";
		};
		3C6BFF8B2785CCBF001AF291 = {
			isa = PBXGroup;
			children = (
				3C6BFF962785CCBF001AF291 /* RichMan */,
				3C6BFF952785CCBF001AF291 /* Products */,
				EC514CEF9E3440BE72D3EC63 /* Pods */,
				B6A7F6EB9F287978890C6FBA /* Frameworks */,
			);
			sourceTree = "<group>";
		};
		3C6BFF952785CCBF001AF291 /* Products */ = {
			isa = PBXGroup;
			children = (
				3C6BFF942785CCBF001AF291 /* RichMan.app */,
			);
			name = Products;
			sourceTree = "<group>";
		};
		3C6BFF962785CCBF001AF291 /* RichMan */ = {
			isa = PBXGroup;
			children = (
				3C6BFFA02785CCBF001AF291 /* Assets.xcassets */,
				3C6BFF972785CCBF001AF291 /* AppDelegate.swift */,
				3C6BFF9B2785CCBF001AF291 /* ViewController.swift */,
				3C6BFF9D2785CCBF001AF291 /* Main.storyboard */,
				3C6BFFF02785EB1A001AF291 /* RootTBVC.swift */,
				EE82EEF42786991E00C2A655 /* RootTBModel.swift */,
				3C6BFFF72785ECAB001AF291 /* TeamCell.swift */,
				3C6BFFF82785ECAB001AF291 /* TeamCell.xib */,
				EEF1EB122786E39E009974D7 /* RootHeader.swift */,
				EEF1EB142786E3AB009974D7 /* RootHeader.xib */,
				EEF1EB1A2786F59D009974D7 /* DetailVC.swift */,
				3C537E26279052B900C6EAD7 /* DetailVCExtension.swift */,
				EEF1EB1B2786F59D009974D7 /* DetailVC.xib */,
				3C3D921A27892DE100D3E9EF /* CardView.swift */,
				3C3D921C27892DF300D3E9EF /* CardView.xib */,
				3C87F1212789ADF000B5437B /* MarkView.swift */,
				3C87F1232789AE0100B5437B /* MarkView.xib */,
				3CB23B9E27999BF400FFD28F /* LogVC.swift */,
				3CB23B9F27999BF400FFD28F /* LogVC.xib */,
				3CB23BA227999D7300FFD28F /* LogCell.swift */,
				3CB23BA327999D7300FFD28F /* LogCell.xib */,
				3C3D921827873CED00D3E9EF /* PopVC.swift */,
				3C3D922027897E9E00D3E9EF /* TestVC.swift */,
				3C3D922127897E9E00D3E9EF /* TestVC.xib */,
				3C6BFFAD2785E679001AF291 /* ShareData.swift */,
				3C6BFFA52785CCBF001AF291 /* Info.plist */,
				3C183A44278B26F200360983 /* TestSource.json */,
				3CB23B9C2798657A00FFD28F /* FormalSource.json */,
				EE228090278673A8003BBFDE /* Extension */,
				3C6BFFF42785EB77001AF291 /* Other */,
				3C537E282790533900C6EAD7 /* ImageViewer */,
			);
			path = RichMan;
			sourceTree = "<group>";
		};
		3C6BFFF42785EB77001AF291 /* Other */ = {
			isa = PBXGroup;
			children = (
				EEEA61BF278E9569003397D3 /* EEJI-CHAO-BeiMingGBT-Flash.ttf */,
				EEEA61BD278E817C003397D3 /* ZiTiQuanXinYiGuanHeiTi4.0-2.ttf */,
				EEEA61BB278E7CBD003397D3 /* 千图厚黑体.ttf */,
				3C87F125278A5F3100B5437B /* TAKUMISFONT_L.ttf */,
				EEF1EB162786E582009974D7 /* crayon_1-1.ttf */,
				3C6BFFA22785CCBF001AF291 /* LaunchScreen.storyboard */,
				3C6BFFAB2785E60C001AF291 /* Constants.swift */,
				3C6BFFAF2785E6BA001AF291 /* Utility.swift */,
				3C6BFFE82785E772001AF291 /* XibType.swift */,
				3C6BFFF22785EB64001AF291 /* BaseTableViewCell.swift */,
				EEF1EB102786E366009974D7 /* BaseView.swift */,
			);
			path = Other;
			sourceTree = "<group>";
		};
		B6A7F6EB9F287978890C6FBA /* Frameworks */ = {
			isa = PBXGroup;
			children = (
				F553D9F5B1B7AB44C32C3B3B /* Pods_RichMan.framework */,
			);
			name = Frameworks;
			sourceTree = "<group>";
		};
		EC514CEF9E3440BE72D3EC63 /* Pods */ = {
			isa = PBXGroup;
			children = (
				E8FD8CFC7E7021CDB487B89C /* Pods-RichMan.debug.xcconfig */,
				5FBB01BF50963199981DCC31 /* Pods-RichMan.release.xcconfig */,
			);
			path = Pods;
			sourceTree = "<group>";
		};
		EE228090278673A8003BBFDE /* Extension */ = {
			isa = PBXGroup;
			children = (
				EE228091278673BD003BBFDE /* UIColorExtension.swift */,
				EE228093278673CC003BBFDE /* UITableViewExtension.swift */,
				EE228095278673D4003BBFDE /* UIViewExtension.swift */,
				3C3D921E2789643700D3E9EF /* UIButtonExtension.swift */,
				3C537E22278F0ACB00C6EAD7 /* UILabelExtension.swift */,
				3C537E2427904FFB00C6EAD7 /* UIAlertExtension.swift */,
			);
			path = Extension;
			sourceTree = "<group>";
		};
/* End PBXGroup section */

/* Begin PBXNativeTarget section */
		3C6BFF932785CCBF001AF291 /* RichMan */ = {
			isa = PBXNativeTarget;
			buildConfigurationList = 3C6BFFA82785CCBF001AF291 /* Build configuration list for PBXNativeTarget "RichMan" */;
			buildPhases = (
				CAC37E237CC6CBC7EE64651A /* [CP] Check Pods Manifest.lock */,
				3C6BFF902785CCBF001AF291 /* Sources */,
				3C6BFF912785CCBF001AF291 /* Frameworks */,
				3C6BFF922785CCBF001AF291 /* Resources */,
				6A3F0A306380F729E7306B87 /* [CP] Embed Pods Frameworks */,
			);
			buildRules = (
			);
			dependencies = (
			);
			name = RichMan;
			productName = RichMan;
			productReference = 3C6BFF942785CCBF001AF291 /* RichMan.app */;
			productType = "com.apple.product-type.application";
		};
/* End PBXNativeTarget section */

/* Begin PBXProject section */
		3C6BFF8C2785CCBF001AF291 /* Project object */ = {
			isa = PBXProject;
			attributes = {
				BuildIndependentTargetsInParallel = 1;
				LastSwiftUpdateCheck = 1300;
				LastUpgradeCheck = 1300;
				TargetAttributes = {
					3C6BFF932785CCBF001AF291 = {
						CreatedOnToolsVersion = 13.0;
					};
				};
			};
			buildConfigurationList = 3C6BFF8F2785CCBF001AF291 /* Build configuration list for PBXProject "RichMan" */;
			compatibilityVersion = "Xcode 13.0";
			developmentRegion = en;
			hasScannedForEncodings = 0;
			knownRegions = (
				en,
				Base,
			);
			mainGroup = 3C6BFF8B2785CCBF001AF291;
			productRefGroup = 3C6BFF952785CCBF001AF291 /* Products */;
			projectDirPath = "";
			projectRoot = "";
			targets = (
				3C6BFF932785CCBF001AF291 /* RichMan */,
			);
		};
/* End PBXProject section */

/* Begin PBXResourcesBuildPhase section */
		3C6BFF922785CCBF001AF291 /* Resources */ = {
			isa = PBXResourcesBuildPhase;
			buildActionMask = 2147483647;
			files = (
				EEF1EB172786E582009974D7 /* crayon_1-1.ttf in Resources */,
				3C183A45278B26F200360983 /* TestSource.json in Resources */,
				EEEA61C0278E9569003397D3 /* EEJI-CHAO-BeiMingGBT-Flash.ttf in Resources */,
				3C537E372790533900C6EAD7 /* ImageViewerController.xib in Resources */,
				3C87F1242789AE0100B5437B /* MarkView.xib in Resources */,
				3C6BFFFA2785ECAB001AF291 /* TeamCell.xib in Resources */,
				EEEA61BC278E7CBE003397D3 /* 千图厚黑体.ttf in Resources */,
				3C3D922327897E9E00D3E9EF /* TestVC.xib in Resources */,
				3C3D921D27892DF300D3E9EF /* CardView.xib in Resources */,
				3C87F126278A5F3100B5437B /* TAKUMISFONT_L.ttf in Resources */,
				EEEA61BE278E817D003397D3 /* ZiTiQuanXinYiGuanHeiTi4.0-2.ttf in Resources */,
				3CB23BA127999BF400FFD28F /* LogVC.xib in Resources */,
				3CB23BA527999D7300FFD28F /* LogCell.xib in Resources */,
				3C6BFFA42785CCBF001AF291 /* LaunchScreen.storyboard in Resources */,
				EEF1EB1D2786F59D009974D7 /* DetailVC.xib in Resources */,
				3CB23B9D2798657A00FFD28F /* FormalSource.json in Resources */,
				EEF1EB152786E3AB009974D7 /* RootHeader.xib in Resources */,
				3C6BFFA12785CCBF001AF291 /* Assets.xcassets in Resources */,
				3C6BFF9F2785CCBF001AF291 /* Main.storyboard in Resources */,
			);
			runOnlyForDeploymentPostprocessing = 0;
		};
/* End PBXResourcesBuildPhase section */

/* Begin PBXShellScriptBuildPhase section */
		6A3F0A306380F729E7306B87 /* [CP] Embed Pods Frameworks */ = {
			isa = PBXShellScriptBuildPhase;
			buildActionMask = 2147483647;
			files = (
			);
			inputFileListPaths = (
				"${PODS_ROOT}/Target Support Files/Pods-RichMan/Pods-RichMan-frameworks-${CONFIGURATION}-input-files.xcfilelist",
			);
			name = "[CP] Embed Pods Frameworks";
			outputFileListPaths = (
				"${PODS_ROOT}/Target Support Files/Pods-RichMan/Pods-RichMan-frameworks-${CONFIGURATION}-output-files.xcfilelist",
			);
			runOnlyForDeploymentPostprocessing = 0;
			shellPath = /bin/sh;
			shellScript = "\"${PODS_ROOT}/Target Support Files/Pods-RichMan/Pods-RichMan-frameworks.sh\"\n";
			showEnvVarsInLog = 0;
		};
		CAC37E237CC6CBC7EE64651A /* [CP] Check Pods Manifest.lock */ = {
			isa = PBXShellScriptBuildPhase;
			buildActionMask = 2147483647;
			files = (
			);
			inputFileListPaths = (
			);
			inputPaths = (
				"${PODS_PODFILE_DIR_PATH}/Podfile.lock",
				"${PODS_ROOT}/Manifest.lock",
			);
			name = "[CP] Check Pods Manifest.lock";
			outputFileListPaths = (
			);
			outputPaths = (
				"$(DERIVED_FILE_DIR)/Pods-RichMan-checkManifestLockResult.txt",
			);
			runOnlyForDeploymentPostprocessing = 0;
			shellPath = /bin/sh;
			shellScript = "diff \"${PODS_PODFILE_DIR_PATH}/Podfile.lock\" \"${PODS_ROOT}/Manifest.lock\" > /dev/null\nif [ $? != 0 ] ; then\n    # print error to STDERR\n    echo \"error: The sandbox is not in sync with the Podfile.lock. Run 'pod install' or update your CocoaPods installation.\" >&2\n    exit 1\nfi\n# This output is used by Xcode 'outputs' to avoid re-running this script phase.\necho \"SUCCESS\" > \"${SCRIPT_OUTPUT_FILE_0}\"\n";
			showEnvVarsInLog = 0;
		};
/* End PBXShellScriptBuildPhase section */

/* Begin PBXSourcesBuildPhase section */
		3C6BFF902785CCBF001AF291 /* Sources */ = {
			isa = PBXSourcesBuildPhase;
			buildActionMask = 2147483647;
			files = (
				3C3D922227897E9E00D3E9EF /* TestVC.swift in Sources */,
				3C6BFFB02785E6BA001AF291 /* Utility.swift in Sources */,
				3C537E3B2790533900C6EAD7 /* ImageViewerPresentationTransition.swift in Sources */,
				3C6BFF9C2785CCBF001AF291 /* ViewController.swift in Sources */,
				3CB23BA027999BF400FFD28F /* LogVC.swift in Sources */,
				3C3D921F2789643700D3E9EF /* UIButtonExtension.swift in Sources */,
				3C6BFF982785CCBF001AF291 /* AppDelegate.swift in Sources */,
				3C6BFFF92785ECAB001AF291 /* TeamCell.swift in Sources */,
				3C6BFFF12785EB1A001AF291 /* RootTBVC.swift in Sources */,
				EEF1EB1C2786F59D009974D7 /* DetailVC.swift in Sources */,
				3C537E362790533900C6EAD7 /* AnimatableImageView.swift in Sources */,
				EE228094278673CC003BBFDE /* UITableViewExtension.swift in Sources */,
				EE228096278673D4003BBFDE /* UIViewExtension.swift in Sources */,
				3C537E3A2790533900C6EAD7 /* ImageViewerDismissalInteractor.swift in Sources */,
				3C6BFFAC2785E60C001AF291 /* Constants.swift in Sources */,
				3C537E27279052B900C6EAD7 /* DetailVCExtension.swift in Sources */,
				3C537E3D2790533900C6EAD7 /* ImageViewerController.swift in Sources */,
				3C6BFFE92785E772001AF291 /* XibType.swift in Sources */,
				3C3D921B27892DE100D3E9EF /* CardView.swift in Sources */,
				EE228092278673BD003BBFDE /* UIColorExtension.swift in Sources */,
				3C87F1222789ADF100B5437B /* MarkView.swift in Sources */,
				EE82EEF52786991E00C2A655 /* RootTBModel.swift in Sources */,
				3C3D921927873CED00D3E9EF /* PopVC.swift in Sources */,
				EEF1EB132786E39E009974D7 /* RootHeader.swift in Sources */,
				3CB23BA427999D7300FFD28F /* LogCell.swift in Sources */,
				3C537E392790533900C6EAD7 /* ImageViewerTransitioningHandler.swift in Sources */,
				EEF1EB112786E366009974D7 /* BaseView.swift in Sources */,
				3C6BFFF32785EB64001AF291 /* BaseTableViewCell.swift in Sources */,
				3C537E23278F0ACB00C6EAD7 /* UILabelExtension.swift in Sources */,
				3C537E3C2790533900C6EAD7 /* ImageViewerDismissalTransition.swift in Sources */,
				3C6BFFAE2785E679001AF291 /* ShareData.swift in Sources */,
				3C537E352790533900C6EAD7 /* Utilities.swift in Sources */,
				3C537E382790533900C6EAD7 /* ImageViewerConfiguration.swift in Sources */,
				3C537E2527904FFB00C6EAD7 /* UIAlertExtension.swift in Sources */,
			);
			runOnlyForDeploymentPostprocessing = 0;
		};
/* End PBXSourcesBuildPhase section */

/* Begin PBXVariantGroup section */
		3C6BFF9D2785CCBF001AF291 /* Main.storyboard */ = {
			isa = PBXVariantGroup;
			children = (
				3C6BFF9E2785CCBF001AF291 /* Base */,
			);
			name = Main.storyboard;
			sourceTree = "<group>";
		};
		3C6BFFA22785CCBF001AF291 /* LaunchScreen.storyboard */ = {
			isa = PBXVariantGroup;
			children = (
				3C6BFFA32785CCBF001AF291 /* Base */,
			);
			name = LaunchScreen.storyboard;
			sourceTree = "<group>";
		};
/* End PBXVariantGroup section */

/* Begin XCBuildConfiguration section */
		3C6BFFA62785CCBF001AF291 /* Debug */ = {
			isa = XCBuildConfiguration;
			buildSettings = {
				ALWAYS_SEARCH_USER_PATHS = NO;
				CLANG_ANALYZER_NONNULL = YES;
				CLANG_ANALYZER_NUMBER_OBJECT_CONVERSION = YES_AGGRESSIVE;
				CLANG_CXX_LANGUAGE_STANDARD = "gnu++17";
				CLANG_CXX_LIBRARY = "libc++";
				CLANG_ENABLE_MODULES = YES;
				CLANG_ENABLE_OBJC_ARC = YES;
				CLANG_ENABLE_OBJC_WEAK = YES;
				CLANG_WARN_BLOCK_CAPTURE_AUTORELEASING = YES;
				CLANG_WARN_BOOL_CONVERSION = YES;
				CLANG_WARN_COMMA = YES;
				CLANG_WARN_CONSTANT_CONVERSION = YES;
				CLANG_WARN_DEPRECATED_OBJC_IMPLEMENTATIONS = YES;
				CLANG_WARN_DIRECT_OBJC_ISA_USAGE = YES_ERROR;
				CLANG_WARN_DOCUMENTATION_COMMENTS = YES;
				CLANG_WARN_EMPTY_BODY = YES;
				CLANG_WARN_ENUM_CONVERSION = YES;
				CLANG_WARN_INFINITE_RECURSION = YES;
				CLANG_WARN_INT_CONVERSION = YES;
				CLANG_WARN_NON_LITERAL_NULL_CONVERSION = YES;
				CLANG_WARN_OBJC_IMPLICIT_RETAIN_SELF = YES;
				CLANG_WARN_OBJC_LITERAL_CONVERSION = YES;
				CLANG_WARN_OBJC_ROOT_CLASS = YES_ERROR;
				CLANG_WARN_QUOTED_INCLUDE_IN_FRAMEWORK_HEADER = YES;
				CLANG_WARN_RANGE_LOOP_ANALYSIS = YES;
				CLANG_WARN_STRICT_PROTOTYPES = YES;
				CLANG_WARN_SUSPICIOUS_MOVE = YES;
				CLANG_WARN_UNGUARDED_AVAILABILITY = YES_AGGRESSIVE;
				CLANG_WARN_UNREACHABLE_CODE = YES;
				CLANG_WARN__DUPLICATE_METHOD_MATCH = YES;
				COPY_PHASE_STRIP = NO;
				DEBUG_INFORMATION_FORMAT = dwarf;
				ENABLE_STRICT_OBJC_MSGSEND = YES;
				ENABLE_TESTABILITY = YES;
				GCC_C_LANGUAGE_STANDARD = gnu11;
				GCC_DYNAMIC_NO_PIC = NO;
				GCC_NO_COMMON_BLOCKS = YES;
				GCC_OPTIMIZATION_LEVEL = 0;
				GCC_PREPROCESSOR_DEFINITIONS = (
					"DEBUG=1",
					"$(inherited)",
				);
				GCC_WARN_64_TO_32_BIT_CONVERSION = YES;
				GCC_WARN_ABOUT_RETURN_TYPE = YES_ERROR;
				GCC_WARN_UNDECLARED_SELECTOR = YES;
				GCC_WARN_UNINITIALIZED_AUTOS = YES_AGGRESSIVE;
				GCC_WARN_UNUSED_FUNCTION = YES;
				GCC_WARN_UNUSED_VARIABLE = YES;
				IPHONEOS_DEPLOYMENT_TARGET = 14.0;
				MTL_ENABLE_DEBUG_INFO = INCLUDE_SOURCE;
				MTL_FAST_MATH = YES;
				ONLY_ACTIVE_ARCH = YES;
				SDKROOT = iphoneos;
				SWIFT_ACTIVE_COMPILATION_CONDITIONS = DEBUG;
				SWIFT_OPTIMIZATION_LEVEL = "-Onone";
			};
			name = Debug;
		};
		3C6BFFA72785CCBF001AF291 /* Release */ = {
			isa = XCBuildConfiguration;
			buildSettings = {
				ALWAYS_SEARCH_USER_PATHS = NO;
				CLANG_ANALYZER_NONNULL = YES;
				CLANG_ANALYZER_NUMBER_OBJECT_CONVERSION = YES_AGGRESSIVE;
				CLANG_CXX_LANGUAGE_STANDARD = "gnu++17";
				CLANG_CXX_LIBRARY = "libc++";
				CLANG_ENABLE_MODULES = YES;
				CLANG_ENABLE_OBJC_ARC = YES;
				CLANG_ENABLE_OBJC_WEAK = YES;
				CLANG_WARN_BLOCK_CAPTURE_AUTORELEASING = YES;
				CLANG_WARN_BOOL_CONVERSION = YES;
				CLANG_WARN_COMMA = YES;
				CLANG_WARN_CONSTANT_CONVERSION = YES;
				CLANG_WARN_DEPRECATED_OBJC_IMPLEMENTATIONS = YES;
				CLANG_WARN_DIRECT_OBJC_ISA_USAGE = YES_ERROR;
				CLANG_WARN_DOCUMENTATION_COMMENTS = YES;
				CLANG_WARN_EMPTY_BODY = YES;
				CLANG_WARN_ENUM_CONVERSION = YES;
				CLANG_WARN_INFINITE_RECURSION = YES;
				CLANG_WARN_INT_CONVERSION = YES;
				CLANG_WARN_NON_LITERAL_NULL_CONVERSION = YES;
				CLANG_WARN_OBJC_IMPLICIT_RETAIN_SELF = YES;
				CLANG_WARN_OBJC_LITERAL_CONVERSION = YES;
				CLANG_WARN_OBJC_ROOT_CLASS = YES_ERROR;
				CLANG_WARN_QUOTED_INCLUDE_IN_FRAMEWORK_HEADER = YES;
				CLANG_WARN_RANGE_LOOP_ANALYSIS = YES;
				CLANG_WARN_STRICT_PROTOTYPES = YES;
				CLANG_WARN_SUSPICIOUS_MOVE = YES;
				CLANG_WARN_UNGUARDED_AVAILABILITY = YES_AGGRESSIVE;
				CLANG_WARN_UNREACHABLE_CODE = YES;
				CLANG_WARN__DUPLICATE_METHOD_MATCH = YES;
				COPY_PHASE_STRIP = NO;
				DEBUG_INFORMATION_FORMAT = "dwarf-with-dsym";
				ENABLE_NS_ASSERTIONS = NO;
				ENABLE_STRICT_OBJC_MSGSEND = YES;
				GCC_C_LANGUAGE_STANDARD = gnu11;
				GCC_NO_COMMON_BLOCKS = YES;
				GCC_WARN_64_TO_32_BIT_CONVERSION = YES;
				GCC_WARN_ABOUT_RETURN_TYPE = YES_ERROR;
				GCC_WARN_UNDECLARED_SELECTOR = YES;
				GCC_WARN_UNINITIALIZED_AUTOS = YES_AGGRESSIVE;
				GCC_WARN_UNUSED_FUNCTION = YES;
				GCC_WARN_UNUSED_VARIABLE = YES;
				IPHONEOS_DEPLOYMENT_TARGET = 14.0;
				MTL_ENABLE_DEBUG_INFO = NO;
				MTL_FAST_MATH = YES;
				SDKROOT = iphoneos;
				SWIFT_COMPILATION_MODE = wholemodule;
				SWIFT_OPTIMIZATION_LEVEL = "-O";
				VALIDATE_PRODUCT = YES;
			};
			name = Release;
		};
		3C6BFFA92785CCBF001AF291 /* Debug */ = {
			isa = XCBuildConfiguration;
			baseConfigurationReference = E8FD8CFC7E7021CDB487B89C /* Pods-RichMan.debug.xcconfig */;
			buildSettings = {
				ASSETCATALOG_COMPILER_APPICON_NAME = AppIcon;
				ASSETCATALOG_COMPILER_GLOBAL_ACCENT_COLOR_NAME = AccentColor;
				CODE_SIGN_STYLE = Automatic;
				CURRENT_PROJECT_VERSION = 1;
				DEVELOPMENT_TEAM = 2RA5LSHPUJ;
				GENERATE_INFOPLIST_FILE = YES;
				INFOPLIST_FILE = RichMan/Info.plist;
				INFOPLIST_KEY_UIApplicationSupportsIndirectInputEvents = YES;
				INFOPLIST_KEY_UILaunchStoryboardName = LaunchScreen;
				INFOPLIST_KEY_UIMainStoryboardFile = Main;
				INFOPLIST_KEY_UISupportedInterfaceOrientations = "UIInterfaceOrientationLandscapeRight UIInterfaceOrientationLandscapeLeft";
				INFOPLIST_KEY_UISupportedInterfaceOrientations_iPad = "UIInterfaceOrientationLandscapeLeft UIInterfaceOrientationLandscapeRight";
				INFOPLIST_KEY_UISupportedInterfaceOrientations_iPhone = "UIInterfaceOrientationPortrait UIInterfaceOrientationLandscapeLeft UIInterfaceOrientationLandscapeRight";
				IPHONEOS_DEPLOYMENT_TARGET = 14.0;
				LD_RUNPATH_SEARCH_PATHS = (
					"$(inherited)",
					"@executable_path/Frameworks",
				);
				MARKETING_VERSION = 1.0;
				PRODUCT_BUNDLE_IDENTIFIER = Jump.RichMan;
				PRODUCT_NAME = "$(TARGET_NAME)";
				SWIFT_EMIT_LOC_STRINGS = YES;
				SWIFT_VERSION = 5.0;
				TARGETED_DEVICE_FAMILY = "1,2";
			};
			name = Debug;
		};
		3C6BFFAA2785CCBF001AF291 /* Release */ = {
			isa = XCBuildConfiguration;
			baseConfigurationReference = 5FBB01BF50963199981DCC31 /* Pods-RichMan.release.xcconfig */;
			buildSettings = {
				ASSETCATALOG_COMPILER_APPICON_NAME = AppIcon;
				ASSETCATALOG_COMPILER_GLOBAL_ACCENT_COLOR_NAME = AccentColor;
				CODE_SIGN_STYLE = Automatic;
				CURRENT_PROJECT_VERSION = 1;
				DEVELOPMENT_TEAM = 2RA5LSHPUJ;
				GENERATE_INFOPLIST_FILE = YES;
				INFOPLIST_FILE = RichMan/Info.plist;
				INFOPLIST_KEY_UIApplicationSupportsIndirectInputEvents = YES;
				INFOPLIST_KEY_UILaunchStoryboardName = LaunchScreen;
				INFOPLIST_KEY_UIMainStoryboardFile = Main;
				INFOPLIST_KEY_UISupportedInterfaceOrientations = "UIInterfaceOrientationLandscapeRight UIInterfaceOrientationLandscapeLeft";
				INFOPLIST_KEY_UISupportedInterfaceOrientations_iPad = "UIInterfaceOrientationLandscapeLeft UIInterfaceOrientationLandscapeRight";
				INFOPLIST_KEY_UISupportedInterfaceOrientations_iPhone = "UIInterfaceOrientationPortrait UIInterfaceOrientationLandscapeLeft UIInterfaceOrientationLandscapeRight";
				IPHONEOS_DEPLOYMENT_TARGET = 14.0;
				LD_RUNPATH_SEARCH_PATHS = (
					"$(inherited)",
					"@executable_path/Frameworks",
				);
				MARKETING_VERSION = 1.0;
				PRODUCT_BUNDLE_IDENTIFIER = Jump.RichMan;
				PRODUCT_NAME = "$(TARGET_NAME)";
				SWIFT_EMIT_LOC_STRINGS = YES;
				SWIFT_VERSION = 5.0;
				TARGETED_DEVICE_FAMILY = "1,2";
			};
			name = Release;
		};
/* End XCBuildConfiguration section */

/* Begin XCConfigurationList section */
		3C6BFF8F2785CCBF001AF291 /* Build configuration list for PBXProject "RichMan" */ = {
			isa = XCConfigurationList;
			buildConfigurations = (
				3C6BFFA62785CCBF001AF291 /* Debug */,
				3C6BFFA72785CCBF001AF291 /* Release */,
			);
			defaultConfigurationIsVisible = 0;
			defaultConfigurationName = Release;
		};
		3C6BFFA82785CCBF001AF291 /* Build configuration list for PBXNativeTarget "RichMan" */ = {
			isa = XCConfigurationList;
			buildConfigurations = (
				3C6BFFA92785CCBF001AF291 /* Debug */,
				3C6BFFAA2785CCBF001AF291 /* Release */,
			);
			defaultConfigurationIsVisible = 0;
			defaultConfigurationName = Release;
		};
/* End XCConfigurationList section */
	};
	rootObject = 3C6BFF8C2785CCBF001AF291 /* Project object */;
}
